
Microsoft Visual Studio Solution File, Format Version 12.00
# Visual Studio Version 17
VisualStudioVersion = 17.14.36127.28
MinimumVisualStudioVersion = 10.0.40219.1
Project("{2150E333-8FDC-42A3-9474-1A3956D46DE8}") = "Core", "Core", "{02EA681E-C7D8-13C7-8484-4AC65E1B71E8}"
EndProject
Project("{2150E333-8FDC-42A3-9474-1A3956D46DE8}") = "Infrastructure", "Infrastructure", "{8B48E417-E940-423A-9EB2-DD2B9CE1D08C}"
EndProject
Project("{2150E333-8FDC-42A3-9474-1A3956D46DE8}") = "Presentation", "Presentation", "{99A464DC-D8CF-4632-81CE-3CFDA5035547}"
EndProject
Project("{FAE04EC0-301F-11D3-BF4B-00C04F79EFBC}") = "Djoz.Domain", "Core\Djoz.Domain\Djoz.Domain.csproj", "{56343004-5C37-43CD-AF9A-9E01E31982B2}"
EndProject
Project("{FAE04EC0-301F-11D3-BF4B-00C04F79EFBC}") = "Djoz.Application", "Core\Djoz.Application\Djoz.Application.csproj", "{E0A6D9E0-F640-456D-92BE-B4BE093C75A3}"
EndProject
Project("{FAE04EC0-301F-11D3-BF4B-00C04F79EFBC}") = "Djoz.Infrastructure", "Infrastructure\Djoz.Infrastructure\Djoz.Infrastructure.csproj", "{25F7FF44-700A-48B9-ACB7-B260A5636A9B}"
EndProject
Project("{FAE04EC0-301F-11D3-BF4B-00C04F79EFBC}") = "Djoz.Persistance", "Infrastructure\Djoz.Persistance\Djoz.Persistance.csproj", "{44121EE0-A6B3-4AFB-A93E-FED7AE8E9880}"
EndProject
Project("{FAE04EC0-301F-11D3-BF4B-00C04F79EFBC}") = "Djoz.WebUI", "Presentation\Djoz.WebUI\Djoz.WebUI.csproj", "{F3908801-0BD6-493B-93CD-A7FBDFE53AA6}"
EndProject
Project("{FAE04EC0-301F-11D3-BF4B-00C04F79EFBC}") = "Djoz.WebApi", "Presentation\Djoz.WebApi\Djoz.WebApi.csproj", "{60CE878D-D0CC-4D5B-AFB8-AD3D30231C52}"
EndProject
Global
	GlobalSection(SolutionConfigurationPlatforms) = preSolution
		Debug|Any CPU = Debug|Any CPU
		Release|Any CPU = Release|Any CPU
	EndGlobalSection
	GlobalSection(ProjectConfigurationPlatforms) = postSolution
		{56343004-5C37-43CD-AF9A-9E01E31982B2}.Debug|Any CPU.ActiveCfg = Debug|Any CPU
		{56343004-5C37-43CD-AF9A-9E01E31982B2}.Debug|Any CPU.Build.0 = Debug|Any CPU
		{56343004-5C37-43CD-AF9A-9E01E31982B2}.Release|Any CPU.ActiveCfg = Release|Any CPU
		{56343004-5C37-43CD-AF9A-9E01E31982B2}.Release|Any CPU.Build.0 = Release|Any CPU
		{E0A6D9E0-F640-456D-92BE-B4BE093C75A3}.Debug|Any CPU.ActiveCfg = Debug|Any CPU
		{E0A6D9E0-F640-456D-92BE-B4BE093C75A3}.Debug|Any CPU.Build.0 = Debug|Any CPU
		{E0A6D9E0-F640-456D-92BE-B4BE093C75A3}.Release|Any CPU.ActiveCfg = Release|Any CPU
		{E0A6D9E0-F640-456D-92BE-B4BE093C75A3}.Release|Any CPU.Build.0 = Release|Any CPU
		{25F7FF44-700A-48B9-ACB7-B260A5636A9B}.Debug|Any CPU.ActiveCfg = Debug|Any CPU
		{25F7FF44-700A-48B9-ACB7-B260A5636A9B}.Debug|Any CPU.Build.0 = Debug|Any CPU
		{25F7FF44-700A-48B9-ACB7-B260A5636A9B}.Release|Any CPU.ActiveCfg = Release|Any CPU
		{25F7FF44-700A-48B9-ACB7-B260A5636A9B}.Release|Any CPU.Build.0 = Release|Any CPU
		{44121EE0-A6B3-4AFB-A93E-FED7AE8E9880}.Debug|Any CPU.ActiveCfg = Debug|Any CPU
		{44121EE0-A6B3-4AFB-A93E-FED7AE8E9880}.Debug|Any CPU.Build.0 = Debug|Any CPU
		{44121EE0-A6B3-4AFB-A93E-FED7AE8E9880}.Release|Any CPU.ActiveCfg = Release|Any CPU
		{44121EE0-A6B3-4AFB-A93E-FED7AE8E9880}.Release|Any CPU.Build.0 = Release|Any CPU
		{F3908801-0BD6-493B-93CD-A7FBDFE53AA6}.Debug|Any CPU.ActiveCfg = Debug|Any CPU
		{F3908801-0BD6-493B-93CD-A7FBDFE53AA6}.Debug|Any CPU.Build.0 = Debug|Any CPU
		{F3908801-0BD6-493B-93CD-A7FBDFE53AA6}.Release|Any CPU.ActiveCfg = Release|Any CPU
		{F3908801-0BD6-493B-93CD-A7FBDFE53AA6}.Release|Any CPU.Build.0 = Release|Any CPU
		{60CE878D-D0CC-4D5B-AFB8-AD3D30231C52}.Debug|Any CPU.ActiveCfg = Debug|Any CPU
		{60CE878D-D0CC-4D5B-AFB8-AD3D30231C52}.Debug|Any CPU.Build.0 = Debug|Any CPU
		{60CE878D-D0CC-4D5B-AFB8-AD3D30231C52}.Release|Any CPU.ActiveCfg = Release|Any CPU
		{60CE878D-D0CC-4D5B-AFB8-AD3D30231C52}.Release|Any CPU.Build.0 = Release|Any CPU
	EndGlobalSection
	GlobalSection(SolutionProperties) = preSolution
		HideSolutionNode = FALSE
	EndGlobalSection
	GlobalSection(NestedProjects) = preSolution
		{56343004-5C37-43CD-AF9A-9E01E31982B2} = {02EA681E-C7D8-13C7-8484-4AC65E1B71E8}
		{E0A6D9E0-F640-456D-92BE-B4BE093C75A3} = {02EA681E-C7D8-13C7-8484-4AC65E1B71E8}
		{25F7FF44-700A-48B9-ACB7-B260A5636A9B} = {8B48E417-E940-423A-9EB2-DD2B9CE1D08C}
		{44121EE0-A6B3-4AFB-A93E-FED7AE8E9880} = {8B48E417-E940-423A-9EB2-DD2B9CE1D08C}
		{F3908801-0BD6-493B-93CD-A7FBDFE53AA6} = {99A464DC-D8CF-4632-81CE-3CFDA5035547}
		{60CE878D-D0CC-4D5B-AFB8-AD3D30231C52} = {99A464DC-D8CF-4632-81CE-3CFDA5035547}
	EndGlobalSection
	GlobalSection(ExtensibilityGlobals) = postSolution
		SolutionGuid = {EDDADA4B-B5BF-404C-913C-A180384551CC}
	EndGlobalSection
EndGlobal
